
Microsoft Visual Studio Solution File, Format Version 12.00
# Visual Studio 14
VisualStudioVersion = 14.0.24720.0
MinimumVisualStudioVersion = 10.0.40219.1
Project("{FAE04EC0-301F-11D3-BF4B-00C04F79EFBC}") = "WsuppAsync", "WsuppAsync.csproj", "{560FCA54-2E8A-4B0B-9754-19B56985D0F3}"
EndProject
Project("{FAE04EC0-301F-11D3-BF4B-00C04F79EFBC}") = "UnitTest", "..\UnitTest\UnitTest.csproj", "{4E8E2C9A-3ABB-4FB0-9F2E-7DD63D52477D}"
	ProjectSection(ProjectDependencies) = postProject
		{560FCA54-2E8A-4B0B-9754-19B56985D0F3} = {560FCA54-2E8A-4B0B-9754-19B56985D0F3}
	EndProjectSection
EndProject
Global
	GlobalSection(SolutionConfigurationPlatforms) = preSolution
		Debug|Any CPU = Debug|Any CPU
		Release|Any CPU = Release|Any CPU
	EndGlobalSection
	GlobalSection(ProjectConfigurationPlatforms) = postSolution
		{560FCA54-2E8A-4B0B-9754-19B56985D0F3}.Debug|Any CPU.ActiveCfg = Debug|Any CPU
		{560FCA54-2E8A-4B0B-9754-19B56985D0F3}.Debug|Any CPU.Build.0 = Debug|Any CPU
		{560FCA54-2E8A-4B0B-9754-19B56985D0F3}.Release|Any CPU.ActiveCfg = Release|Any CPU
		{4E8E2C9A-3ABB-4FB0-9F2E-7DD63D52477D}.Debug|Any CPU.ActiveCfg = Debug|Any CPU
		{4E8E2C9A-3ABB-4FB0-9F2E-7DD63D52477D}.Debug|Any CPU.Build.0 = Debug|Any CPU
		{4E8E2C9A-3ABB-4FB0-9F2E-7DD63D52477D}.Release|Any CPU.ActiveCfg = Release|Any CPU
		{4E8E2C9A-3ABB-4FB0-9F2E-7DD63D52477D}.Release|Any CPU.Build.0 = Release|Any CPU
	EndGlobalSection
	GlobalSection(SolutionProperties) = preSolution
		HideSolutionNode = FALSE
	EndGlobalSection
EndGlobal
